
Microsoft Visual Studio Solution File, Format Version 12.00
# Visual Studio Version 16
VisualStudioVersion = 16.0.29001.49
MinimumVisualStudioVersion = 10.0.40219.1
Project("{9A19103F-16F7-4668-BE54-9A1E7A4F7556}") = "BookStore_Inspiration", "BookStore_Inspiration\BookStore_Inspiration.csproj", "{2CBD0704-CEEF-46FE-BFBA-205EB9D43D50}"
EndProject
Project("{2150E333-8FDC-42A3-9474-1A3956D46DE8}") = "Data", "Data", "{C5D5491D-95C7-484B-A94E-5A1429135A0A}"
EndProject
Project("{2150E333-8FDC-42A3-9474-1A3956D46DE8}") = "Web", "Web", "{6BCF725E-4645-484C-BD53-16741B853574}"
EndProject
Project("{9A19103F-16F7-4668-BE54-9A1E7A4F7556}") = "BookStore.Data", "Data\BookStore.Data\BookStore.Data.csproj", "{84F64C54-360D-42D7-80E4-2959A1FB58B6}"
EndProject
Project("{9A19103F-16F7-4668-BE54-9A1E7A4F7556}") = "BookStore.Model", "BookStore.Model\BookStore.Model.csproj", "{3F5085E0-7479-4479-B1D4-1B8E2F07443E}"
EndProject
Project("{2150E333-8FDC-42A3-9474-1A3956D46DE8}") = "Services", "Services", "{E6376F4C-F2B4-405C-A484-EDBCBCE06DB9}"
EndProject
Project("{9A19103F-16F7-4668-BE54-9A1E7A4F7556}") = "BookStore.Services", "BookStore.Services\BookStore.Services.csproj", "{0F3712F1-9BB0-4AED-99C5-5B95017A9456}"
EndProject
Project("{2150E333-8FDC-42A3-9474-1A3956D46DE8}") = "Tests", "Tests", "{969CA3B2-D61A-4DF5-A33E-3BDCE0958CA3}"
EndProject
Project("{9A19103F-16F7-4668-BE54-9A1E7A4F7556}") = "BookStore.Services.Tests", "Tests\BookStore.Services.Tests\BookStore.Services.Tests.csproj", "{2993A31B-85B4-47DE-B2A9-3E02AC8BE6C2}"
EndProject
Project("{9A19103F-16F7-4668-BE54-9A1E7A4F7556}") = "BookStore.Services.Mapping", "Services\BookStore.Services.Mapping\BookStore.Services.Mapping.csproj", "{5FE712DD-3F23-48AD-9634-904DF5C6310B}"
EndProject
Project("{9A19103F-16F7-4668-BE54-9A1E7A4F7556}") = "BookStore_InspirationML.Model", "BookStore_InspirationML.Model\BookStore_InspirationML.Model.csproj", "{5E5CE823-B169-4321-9E94-8B270F8ADAB5}"
EndProject
Project("{9A19103F-16F7-4668-BE54-9A1E7A4F7556}") = "BookStore_InspirationML.ConsoleApp", "BookStore_InspirationML.ConsoleApp\BookStore_InspirationML.ConsoleApp.csproj", "{5BCBC7D6-7DA1-47C4-920B-C36A6FEA02B3}"
EndProject
Global
	GlobalSection(SolutionConfigurationPlatforms) = preSolution
		Debug|Any CPU = Debug|Any CPU
		Release|Any CPU = Release|Any CPU
	EndGlobalSection
	GlobalSection(ProjectConfigurationPlatforms) = postSolution
		{2CBD0704-CEEF-46FE-BFBA-205EB9D43D50}.Debug|Any CPU.ActiveCfg = Debug|Any CPU
		{2CBD0704-CEEF-46FE-BFBA-205EB9D43D50}.Debug|Any CPU.Build.0 = Debug|Any CPU
		{2CBD0704-CEEF-46FE-BFBA-205EB9D43D50}.Release|Any CPU.ActiveCfg = Release|Any CPU
		{2CBD0704-CEEF-46FE-BFBA-205EB9D43D50}.Release|Any CPU.Build.0 = Release|Any CPU
		{84F64C54-360D-42D7-80E4-2959A1FB58B6}.Debug|Any CPU.ActiveCfg = Debug|Any CPU
		{84F64C54-360D-42D7-80E4-2959A1FB58B6}.Debug|Any CPU.Build.0 = Debug|Any CPU
		{84F64C54-360D-42D7-80E4-2959A1FB58B6}.Release|Any CPU.ActiveCfg = Release|Any CPU
		{84F64C54-360D-42D7-80E4-2959A1FB58B6}.Release|Any CPU.Build.0 = Release|Any CPU
		{3F5085E0-7479-4479-B1D4-1B8E2F07443E}.Debug|Any CPU.ActiveCfg = Debug|Any CPU
		{3F5085E0-7479-4479-B1D4-1B8E2F07443E}.Debug|Any CPU.Build.0 = Debug|Any CPU
		{3F5085E0-7479-4479-B1D4-1B8E2F07443E}.Release|Any CPU.ActiveCfg = Release|Any CPU
		{3F5085E0-7479-4479-B1D4-1B8E2F07443E}.Release|Any CPU.Build.0 = Release|Any CPU
		{0F3712F1-9BB0-4AED-99C5-5B95017A9456}.Debug|Any CPU.ActiveCfg = Debug|Any CPU
		{0F3712F1-9BB0-4AED-99C5-5B95017A9456}.Debug|Any CPU.Build.0 = Debug|Any CPU
		{0F3712F1-9BB0-4AED-99C5-5B95017A9456}.Release|Any CPU.ActiveCfg = Release|Any CPU
		{0F3712F1-9BB0-4AED-99C5-5B95017A9456}.Release|Any CPU.Build.0 = Release|Any CPU
		{2993A31B-85B4-47DE-B2A9-3E02AC8BE6C2}.Debug|Any CPU.ActiveCfg = Debug|Any CPU
		{2993A31B-85B4-47DE-B2A9-3E02AC8BE6C2}.Debug|Any CPU.Build.0 = Debug|Any CPU
		{2993A31B-85B4-47DE-B2A9-3E02AC8BE6C2}.Release|Any CPU.ActiveCfg = Release|Any CPU
		{2993A31B-85B4-47DE-B2A9-3E02AC8BE6C2}.Release|Any CPU.Build.0 = Release|Any CPU
		{5FE712DD-3F23-48AD-9634-904DF5C6310B}.Debug|Any CPU.ActiveCfg = Debug|Any CPU
		{5FE712DD-3F23-48AD-9634-904DF5C6310B}.Debug|Any CPU.Build.0 = Debug|Any CPU
		{5FE712DD-3F23-48AD-9634-904DF5C6310B}.Release|Any CPU.ActiveCfg = Release|Any CPU
		{5FE712DD-3F23-48AD-9634-904DF5C6310B}.Release|Any CPU.Build.0 = Release|Any CPU
		{5E5CE823-B169-4321-9E94-8B270F8ADAB5}.Debug|Any CPU.ActiveCfg = Debug|Any CPU
		{5E5CE823-B169-4321-9E94-8B270F8ADAB5}.Debug|Any CPU.Build.0 = Debug|Any CPU
		{5E5CE823-B169-4321-9E94-8B270F8ADAB5}.Release|Any CPU.ActiveCfg = Release|Any CPU
		{5E5CE823-B169-4321-9E94-8B270F8ADAB5}.Release|Any CPU.Build.0 = Release|Any CPU
		{5BCBC7D6-7DA1-47C4-920B-C36A6FEA02B3}.Debug|Any CPU.ActiveCfg = Debug|Any CPU
		{5BCBC7D6-7DA1-47C4-920B-C36A6FEA02B3}.Debug|Any CPU.Build.0 = Debug|Any CPU
		{5BCBC7D6-7DA1-47C4-920B-C36A6FEA02B3}.Release|Any CPU.ActiveCfg = Release|Any CPU
		{5BCBC7D6-7DA1-47C4-920B-C36A6FEA02B3}.Release|Any CPU.Build.0 = Release|Any CPU
	EndGlobalSection
	GlobalSection(SolutionProperties) = preSolution
		HideSolutionNode = FALSE
	EndGlobalSection
	GlobalSection(NestedProjects) = preSolution
		{2CBD0704-CEEF-46FE-BFBA-205EB9D43D50} = {6BCF725E-4645-484C-BD53-16741B853574}
		{84F64C54-360D-42D7-80E4-2959A1FB58B6} = {C5D5491D-95C7-484B-A94E-5A1429135A0A}
		{3F5085E0-7479-4479-B1D4-1B8E2F07443E} = {C5D5491D-95C7-484B-A94E-5A1429135A0A}
		{0F3712F1-9BB0-4AED-99C5-5B95017A9456} = {E6376F4C-F2B4-405C-A484-EDBCBCE06DB9}
		{2993A31B-85B4-47DE-B2A9-3E02AC8BE6C2} = {969CA3B2-D61A-4DF5-A33E-3BDCE0958CA3}
		{5FE712DD-3F23-48AD-9634-904DF5C6310B} = {E6376F4C-F2B4-405C-A484-EDBCBCE06DB9}
	EndGlobalSection
	GlobalSection(ExtensibilityGlobals) = postSolution
		SolutionGuid = {B5AACADF-673E-48C0-B97E-2F68DCD2C6A0}
	EndGlobalSection
EndGlobal
